
Microsoft Visual Studio Solution File, Format Version 12.00
# Visual Studio Version 17
VisualStudioVersion = 17.5.002.0
MinimumVisualStudioVersion = 10.0.40219.1
Project("{9A19103F-16F7-4668-BE54-9A1E7A4F7556}") = "Gambl", "Gambl.csproj", "{88A7200A-0A9F-4C20-BE06-361EABF979C8}"
EndProject
Global
	GlobalSection(SolutionConfigurationPlatforms) = preSolution
		Debug|Any CPU = Debug|Any CPU
		Release|Any CPU = Release|Any CPU
	EndGlobalSection
	GlobalSection(ProjectConfigurationPlatforms) = postSolution
		{88A7200A-0A9F-4C20-BE06-361EABF979C8}.Debug|Any CPU.ActiveCfg = Debug|Any CPU
		{88A7200A-0A9F-4C20-BE06-361EABF979C8}.Debug|Any CPU.Build.0 = Debug|Any CPU
		{88A7200A-0A9F-4C20-BE06-361EABF979C8}.Release|Any CPU.ActiveCfg = Release|Any CPU
		{88A7200A-0A9F-4C20-BE06-361EABF979C8}.Release|Any CPU.Build.0 = Release|Any CPU
	EndGlobalSection
	GlobalSection(SolutionProperties) = preSolution
		HideSolutionNode = FALSE
	EndGlobalSection
	GlobalSection(ExtensibilityGlobals) = postSolution
		SolutionGuid = {690A45FF-ED02-4EB5-9C45-E2E33001B6A7}
	EndGlobalSection
EndGlobal
